
Microsoft Visual Studio Solution File, Format Version 12.00
# Visual Studio Version 16
VisualStudioVersion = 16.0.31702.278
MinimumVisualStudioVersion = 10.0.40219.1
Project("{FAE04EC0-301F-11D3-BF4B-00C04F79EFBC}") = "ARCAssambler", "ARCAssambler\ARCAssambler.csproj", "{DAEDDC50-427F-4543-864D-3FCE085DBD2A}"
EndProject
Global
	GlobalSection(SolutionConfigurationPlatforms) = preSolution
		Debug|Any CPU = Debug|Any CPU
		Release|Any CPU = Release|Any CPU
	EndGlobalSection
	GlobalSection(ProjectConfigurationPlatforms) = postSolution
		{DAEDDC50-427F-4543-864D-3FCE085DBD2A}.Debug|Any CPU.ActiveCfg = Debug|Any CPU
		{DAEDDC50-427F-4543-864D-3FCE085DBD2A}.Debug|Any CPU.Build.0 = Debug|Any CPU
		{DAEDDC50-427F-4543-864D-3FCE085DBD2A}.Release|Any CPU.ActiveCfg = Release|Any CPU
		{DAEDDC50-427F-4543-864D-3FCE085DBD2A}.Release|Any CPU.Build.0 = Release|Any CPU
	EndGlobalSection
	GlobalSection(SolutionProperties) = preSolution
		HideSolutionNode = FALSE
	EndGlobalSection
	GlobalSection(ExtensibilityGlobals) = postSolution
		SolutionGuid = {D9BCB33F-C33F-4CA7-9A8E-5B9EA2F47DD7}
	EndGlobalSection
EndGlobal
